
Microsoft Visual Studio Solution File, Format Version 12.00
# Visual Studio Version 17
VisualStudioVersion = 17.11.35327.3
MinimumVisualStudioVersion = 10.0.40219.1
Project("{FAE04EC0-301F-11D3-BF4B-00C04F79EFBC}") = "EarlyAccessBulletsponge", "EarlyAccessBulletsponge\EarlyAccessBulletsponge.csproj", "{5BA6B6FD-6DD1-467D-9EA1-1809A010051A}"
EndProject
Global
	GlobalSection(SolutionConfigurationPlatforms) = preSolution
		Debug|Any CPU = Debug|Any CPU
		Release|Any CPU = Release|Any CPU
	EndGlobalSection
	GlobalSection(ProjectConfigurationPlatforms) = postSolution
		{5BA6B6FD-6DD1-467D-9EA1-1809A010051A}.Debug|Any CPU.ActiveCfg = Debug|Any CPU
		{5BA6B6FD-6DD1-467D-9EA1-1809A010051A}.Debug|Any CPU.Build.0 = Debug|Any CPU
		{5BA6B6FD-6DD1-467D-9EA1-1809A010051A}.Release|Any CPU.ActiveCfg = Release|Any CPU
		{5BA6B6FD-6DD1-467D-9EA1-1809A010051A}.Release|Any CPU.Build.0 = Release|Any CPU
	EndGlobalSection
	GlobalSection(SolutionProperties) = preSolution
		HideSolutionNode = FALSE
	EndGlobalSection
	GlobalSection(ExtensibilityGlobals) = postSolution
		SolutionGuid = {D6718CB5-9D21-4A91-9748-FE76D41034E7}
	EndGlobalSection
EndGlobal
